// !$*UTF8*$!
{
	archiveVersion = 1;
	classes = {
	};
	objectVersion = 51;
	objects = {

/* Begin PBXBuildFile section */
		10F80F80D2F30EAA68141584 /* Pods_FirebaseChattingApp_FirebaseChattingAppUITests.framework in Frameworks */ = {isa = PBXBuildFile; fileRef = 17B4D652A0806523C4026774 /* Pods_FirebaseChattingApp_FirebaseChattingAppUITests.framework */; };
		3D03625F26C9224B00791593 /* AppDelegate.swift in Sources */ = {isa = PBXBuildFile; fileRef = 3D03625E26C9224B00791593 /* AppDelegate.swift */; };
		3D03626126C9224B00791593 /* SceneDelegate.swift in Sources */ = {isa = PBXBuildFile; fileRef = 3D03626026C9224B00791593 /* SceneDelegate.swift */; };
		3D03626326C9224B00791593 /* SignInViewController.swift in Sources */ = {isa = PBXBuildFile; fileRef = 3D03626226C9224B00791593 /* SignInViewController.swift */; };
		3D03626626C9224B00791593 /* Main.storyboard in Resources */ = {isa = PBXBuildFile; fileRef = 3D03626426C9224B00791593 /* Main.storyboard */; };
		3D03626826C9224D00791593 /* Assets.xcassets in Resources */ = {isa = PBXBuildFile; fileRef = 3D03626726C9224D00791593 /* Assets.xcassets */; };
		3D03626B26C9224D00791593 /* LaunchScreen.storyboard in Resources */ = {isa = PBXBuildFile; fileRef = 3D03626926C9224D00791593 /* LaunchScreen.storyboard */; };
		3D03627626C9224D00791593 /* FirebaseChattingAppTests.swift in Sources */ = {isa = PBXBuildFile; fileRef = 3D03627526C9224D00791593 /* FirebaseChattingAppTests.swift */; };
		3D03628126C9224D00791593 /* FirebaseChattingAppUITests.swift in Sources */ = {isa = PBXBuildFile; fileRef = 3D03628026C9224D00791593 /* FirebaseChattingAppUITests.swift */; };
		3D03628F26C9294100791593 /* GoogleService-Info.plist in Resources */ = {isa = PBXBuildFile; fileRef = 3D03628E26C9294100791593 /* GoogleService-Info.plist */; };
		3D03629126C92A1000791593 /* RegisterViewController.swift in Sources */ = {isa = PBXBuildFile; fileRef = 3D03629026C92A1000791593 /* RegisterViewController.swift */; };
		3D03629326C92C4800791593 /* ChannelViewController.swift in Sources */ = {isa = PBXBuildFile; fileRef = 3D03629226C92C4800791593 /* ChannelViewController.swift */; };
		3D03629526C934D700791593 /* ChatViewController.swift in Sources */ = {isa = PBXBuildFile; fileRef = 3D03629426C934D700791593 /* ChatViewController.swift */; };
		3D03629726CD02BF00791593 /* UIViewController.swift in Sources */ = {isa = PBXBuildFile; fileRef = 3D03629626CD02BF00791593 /* UIViewController.swift */; };
		3D03629A26CD036500791593 /* SpinnerViewController.swift in Sources */ = {isa = PBXBuildFile; fileRef = 3D03629926CD036500791593 /* SpinnerViewController.swift */; };
		3D0362A126CF883300791593 /* MessageSender.swift in Sources */ = {isa = PBXBuildFile; fileRef = 3D0362A026CF883300791593 /* MessageSender.swift */; };
		3D0362A426CFB95B00791593 /* AddChannelsViewController.swift in Sources */ = {isa = PBXBuildFile; fileRef = 3D0362A326CFB95B00791593 /* AddChannelsViewController.swift */; };
		3D0362A726CFB9A300791593 /* AllUsersTableViewCell.swift in Sources */ = {isa = PBXBuildFile; fileRef = 3D0362A526CFB9A300791593 /* AllUsersTableViewCell.swift */; };
		3D0362A826CFB9A300791593 /* AllUsersTableViewCell.xib in Resources */ = {isa = PBXBuildFile; fileRef = 3D0362A626CFB9A300791593 /* AllUsersTableViewCell.xib */; };
		3D30761D26D373B800303B8A /* UIImage.swift in Sources */ = {isa = PBXBuildFile; fileRef = 3D30761C26D373B800303B8A /* UIImage.swift */; };
		5FE0F52D422579BFA16F4854 /* Pods_FirebaseChattingApp.framework in Frameworks */ = {isa = PBXBuildFile; fileRef = F0B9214D004DCAEC9CEDD456 /* Pods_FirebaseChattingApp.framework */; };
		FE0F3E5CACA97CEC22821E89 /* Pods_FirebaseChattingAppTests.framework in Frameworks */ = {isa = PBXBuildFile; fileRef = EC6CC227AF9B74BCC3BCA365 /* Pods_FirebaseChattingAppTests.framework */; };
/* End PBXBuildFile section */

/* Begin PBXContainerItemProxy section */
		3D03627226C9224D00791593 /* PBXContainerItemProxy */ = {
			isa = PBXContainerItemProxy;
			containerPortal = 3D03625326C9224B00791593 /* Project object */;
			proxyType = 1;
			remoteGlobalIDString = 3D03625A26C9224B00791593;
			remoteInfo = FirebaseChattingApp;
		};
		3D03627D26C9224D00791593 /* PBXContainerItemProxy */ = {
			isa = PBXContainerItemProxy;
			containerPortal = 3D03625326C9224B00791593 /* Project object */;
			proxyType = 1;
			remoteGlobalIDString = 3D03625A26C9224B00791593;
			remoteInfo = FirebaseChattingApp;
		};
/* End PBXContainerItemProxy section */

/* Begin PBXFileReference section */
		032F9522F6BB4CA4EDBA6915 /* Pods-FirebaseChattingAppTests.release.xcconfig */ = {isa = PBXFileReference; includeInIndex = 1; lastKnownFileType = text.xcconfig; name = "Pods-FirebaseChattingAppTests.release.xcconfig"; path = "Target Support Files/Pods-FirebaseChattingAppTests/Pods-FirebaseChattingAppTests.release.xcconfig"; sourceTree = "<group>"; };
		17B4D652A0806523C4026774 /* Pods_FirebaseChattingApp_FirebaseChattingAppUITests.framework */ = {isa = PBXFileReference; explicitFileType = wrapper.framework; includeInIndex = 0; path = Pods_FirebaseChattingApp_FirebaseChattingAppUITests.framework; sourceTree = BUILT_PRODUCTS_DIR; };
		356A18F86E3CF1D330E8AAC3 /* Pods-FirebaseChattingApp.release.xcconfig */ = {isa = PBXFileReference; includeInIndex = 1; lastKnownFileType = text.xcconfig; name = "Pods-FirebaseChattingApp.release.xcconfig"; path = "Target Support Files/Pods-FirebaseChattingApp/Pods-FirebaseChattingApp.release.xcconfig"; sourceTree = "<group>"; };
		3D03625B26C9224B00791593 /* FirebaseChattingApp.app */ = {isa = PBXFileReference; explicitFileType = wrapper.application; includeInIndex = 0; path = FirebaseChattingApp.app; sourceTree = BUILT_PRODUCTS_DIR; };
		3D03625E26C9224B00791593 /* AppDelegate.swift */ = {isa = PBXFileReference; lastKnownFileType = sourcecode.swift; path = AppDelegate.swift; sourceTree = "<group>"; };
		3D03626026C9224B00791593 /* SceneDelegate.swift */ = {isa = PBXFileReference; lastKnownFileType = sourcecode.swift; path = SceneDelegate.swift; sourceTree = "<group>"; };
		3D03626226C9224B00791593 /* SignInViewController.swift */ = {isa = PBXFileReference; lastKnownFileType = sourcecode.swift; path = SignInViewController.swift; sourceTree = "<group>"; };
		3D03626526C9224B00791593 /* Base */ = {isa = PBXFileReference; lastKnownFileType = file.storyboard; name = Base; path = Base.lproj/Main.storyboard; sourceTree = "<group>"; };
		3D03626726C9224D00791593 /* Assets.xcassets */ = {isa = PBXFileReference; lastKnownFileType = folder.assetcatalog; path = Assets.xcassets; sourceTree = "<group>"; };
		3D03626A26C9224D00791593 /* Base */ = {isa = PBXFileReference; lastKnownFileType = file.storyboard; name = Base; path = Base.lproj/LaunchScreen.storyboard; sourceTree = "<group>"; };
		3D03626C26C9224D00791593 /* Info.plist */ = {isa = PBXFileReference; lastKnownFileType = text.plist.xml; path = Info.plist; sourceTree = "<group>"; };
		3D03627126C9224D00791593 /* FirebaseChattingAppTests.xctest */ = {isa = PBXFileReference; explicitFileType = wrapper.cfbundle; includeInIndex = 0; path = FirebaseChattingAppTests.xctest; sourceTree = BUILT_PRODUCTS_DIR; };
		3D03627526C9224D00791593 /* FirebaseChattingAppTests.swift */ = {isa = PBXFileReference; lastKnownFileType = sourcecode.swift; path = FirebaseChattingAppTests.swift; sourceTree = "<group>"; };
		3D03627726C9224D00791593 /* Info.plist */ = {isa = PBXFileReference; lastKnownFileType = text.plist.xml; path = Info.plist; sourceTree = "<group>"; };
		3D03627C26C9224D00791593 /* FirebaseChattingAppUITests.xctest */ = {isa = PBXFileReference; explicitFileType = wrapper.cfbundle; includeInIndex = 0; path = FirebaseChattingAppUITests.xctest; sourceTree = BUILT_PRODUCTS_DIR; };
		3D03628026C9224D00791593 /* FirebaseChattingAppUITests.swift */ = {isa = PBXFileReference; lastKnownFileType = sourcecode.swift; path = FirebaseChattingAppUITests.swift; sourceTree = "<group>"; };
		3D03628226C9224D00791593 /* Info.plist */ = {isa = PBXFileReference; lastKnownFileType = text.plist.xml; path = Info.plist; sourceTree = "<group>"; };
		3D03628E26C9294100791593 /* GoogleService-Info.plist */ = {isa = PBXFileReference; fileEncoding = 4; lastKnownFileType = text.plist.xml; path = "GoogleService-Info.plist"; sourceTree = "<group>"; };
		3D03629026C92A1000791593 /* RegisterViewController.swift */ = {isa = PBXFileReference; lastKnownFileType = sourcecode.swift; path = RegisterViewController.swift; sourceTree = "<group>"; };
		3D03629226C92C4800791593 /* ChannelViewController.swift */ = {isa = PBXFileReference; lastKnownFileType = sourcecode.swift; path = ChannelViewController.swift; sourceTree = "<group>"; };
		3D03629426C934D700791593 /* ChatViewController.swift */ = {isa = PBXFileReference; lastKnownFileType = sourcecode.swift; path = ChatViewController.swift; sourceTree = "<group>"; };
		3D03629626CD02BF00791593 /* UIViewController.swift */ = {isa = PBXFileReference; lastKnownFileType = sourcecode.swift; path = UIViewController.swift; sourceTree = "<group>"; };
		3D03629926CD036500791593 /* SpinnerViewController.swift */ = {isa = PBXFileReference; lastKnownFileType = sourcecode.swift; path = SpinnerViewController.swift; sourceTree = "<group>"; };
		3D0362A026CF883300791593 /* MessageSender.swift */ = {isa = PBXFileReference; lastKnownFileType = sourcecode.swift; path = MessageSender.swift; sourceTree = "<group>"; };
		3D0362A326CFB95B00791593 /* AddChannelsViewController.swift */ = {isa = PBXFileReference; lastKnownFileType = sourcecode.swift; path = AddChannelsViewController.swift; sourceTree = "<group>"; };
		3D0362A526CFB9A300791593 /* AllUsersTableViewCell.swift */ = {isa = PBXFileReference; lastKnownFileType = sourcecode.swift; path = AllUsersTableViewCell.swift; sourceTree = "<group>"; };
		3D0362A626CFB9A300791593 /* AllUsersTableViewCell.xib */ = {isa = PBXFileReference; lastKnownFileType = file.xib; path = AllUsersTableViewCell.xib; sourceTree = "<group>"; };
		3D30761C26D373B800303B8A /* UIImage.swift */ = {isa = PBXFileReference; lastKnownFileType = sourcecode.swift; path = UIImage.swift; sourceTree = "<group>"; };
		4FAC78E60979F12BD7B710E4 /* Pods-FirebaseChattingAppTests.debug.xcconfig */ = {isa = PBXFileReference; includeInIndex = 1; lastKnownFileType = text.xcconfig; name = "Pods-FirebaseChattingAppTests.debug.xcconfig"; path = "Target Support Files/Pods-FirebaseChattingAppTests/Pods-FirebaseChattingAppTests.debug.xcconfig"; sourceTree = "<group>"; };
		609385718B4B41F5B74CA9E2 /* Pods-FirebaseChattingApp-FirebaseChattingAppUITests.debug.xcconfig */ = {isa = PBXFileReference; includeInIndex = 1; lastKnownFileType = text.xcconfig; name = "Pods-FirebaseChattingApp-FirebaseChattingAppUITests.debug.xcconfig"; path = "Target Support Files/Pods-FirebaseChattingApp-FirebaseChattingAppUITests/Pods-FirebaseChattingApp-FirebaseChattingAppUITests.debug.xcconfig"; sourceTree = "<group>"; };
		82418DE2D19AA4A78E109324 /* Pods-FirebaseChattingApp-FirebaseChattingAppUITests.release.xcconfig */ = {isa = PBXFileReference; includeInIndex = 1; lastKnownFileType = text.xcconfig; name = "Pods-FirebaseChattingApp-FirebaseChattingAppUITests.release.xcconfig"; path = "Target Support Files/Pods-FirebaseChattingApp-FirebaseChattingAppUITests/Pods-FirebaseChattingApp-FirebaseChattingAppUITests.release.xcconfig"; sourceTree = "<group>"; };
		C2C59B4F4102B556B04675B8 /* Pods-FirebaseChattingApp.debug.xcconfig */ = {isa = PBXFileReference; includeInIndex = 1; lastKnownFileType = text.xcconfig; name = "Pods-FirebaseChattingApp.debug.xcconfig"; path = "Target Support Files/Pods-FirebaseChattingApp/Pods-FirebaseChattingApp.debug.xcconfig"; sourceTree = "<group>"; };
		EC6CC227AF9B74BCC3BCA365 /* Pods_FirebaseChattingAppTests.framework */ = {isa = PBXFileReference; explicitFileType = wrapper.framework; includeInIndex = 0; path = Pods_FirebaseChattingAppTests.framework; sourceTree = BUILT_PRODUCTS_DIR; };
		F0B9214D004DCAEC9CEDD456 /* Pods_FirebaseChattingApp.framework */ = {isa = PBXFileReference; explicitFileType = wrapper.framework; includeInIndex = 0; path = Pods_FirebaseChattingApp.framework; sourceTree = BUILT_PRODUCTS_DIR; };
/* End PBXFileReference section */

/* Begin PBXFrameworksBuildPhase section */
		3D03625826C9224B00791593 /* Frameworks */ = {
			isa = PBXFrameworksBuildPhase;
			buildActionMask = 2147483647;
			files = (
				5FE0F52D422579BFA16F4854 /* Pods_FirebaseChattingApp.framework in Frameworks */,
			);
			runOnlyForDeploymentPostprocessing = 0;
		};
		3D03626E26C9224D00791593 /* Frameworks */ = {
			isa = PBXFrameworksBuildPhase;
			buildActionMask = 2147483647;
			files = (
				FE0F3E5CACA97CEC22821E89 /* Pods_FirebaseChattingAppTests.framework in Frameworks */,
			);
			runOnlyForDeploymentPostprocessing = 0;
		};
		3D03627926C9224D00791593 /* Frameworks */ = {
			isa = PBXFrameworksBuildPhase;
			buildActionMask = 2147483647;
			files = (
				10F80F80D2F30EAA68141584 /* Pods_FirebaseChattingApp_FirebaseChattingAppUITests.framework in Frameworks */,
			);
			runOnlyForDeploymentPostprocessing = 0;
		};
/* End PBXFrameworksBuildPhase section */

/* Begin PBXGroup section */
		3D03625226C9224B00791593 = {
			isa = PBXGroup;
			children = (
				3D03625D26C9224B00791593 /* FirebaseChattingApp */,
				3D03627426C9224D00791593 /* FirebaseChattingAppTests */,
				3D03627F26C9224D00791593 /* FirebaseChattingAppUITests */,
				3D03625C26C9224B00791593 /* Products */,
				EA535100EF1A67F45F49B66D /* Pods */,
				92BD48AC802233DEC88724D3 /* Frameworks */,
			);
			sourceTree = "<group>";
		};
		3D03625C26C9224B00791593 /* Products */ = {
			isa = PBXGroup;
			children = (
				3D03625B26C9224B00791593 /* FirebaseChattingApp.app */,
				3D03627126C9224D00791593 /* FirebaseChattingAppTests.xctest */,
				3D03627C26C9224D00791593 /* FirebaseChattingAppUITests.xctest */,
			);
			name = Products;
			sourceTree = "<group>";
		};
		3D03625D26C9224B00791593 /* FirebaseChattingApp */ = {
			isa = PBXGroup;
			children = (
				3D03629F26CD0EE200791593 /* Common */,
				3D03629B26CD0DFA00791593 /* Controllers */,
				3D0362A226CF883D00791593 /* Models */,
				3D03629E26CD0EC200791593 /* Storyboard */,
				3D03629826CD02C500791593 /* Extensions */,
			);
			path = FirebaseChattingApp;
			sourceTree = "<group>";
		};
		3D03627426C9224D00791593 /* FirebaseChattingAppTests */ = {
			isa = PBXGroup;
			children = (
				3D03627526C9224D00791593 /* FirebaseChattingAppTests.swift */,
				3D03627726C9224D00791593 /* Info.plist */,
			);
			path = FirebaseChattingAppTests;
			sourceTree = "<group>";
		};
		3D03627F26C9224D00791593 /* FirebaseChattingAppUITests */ = {
			isa = PBXGroup;
			children = (
				3D03628026C9224D00791593 /* FirebaseChattingAppUITests.swift */,
				3D03628226C9224D00791593 /* Info.plist */,
			);
			path = FirebaseChattingAppUITests;
			sourceTree = "<group>";
		};
		3D03629826CD02C500791593 /* Extensions */ = {
			isa = PBXGroup;
			children = (
				3D03629626CD02BF00791593 /* UIViewController.swift */,
				3D30761C26D373B800303B8A /* UIImage.swift */,
			);
			path = Extensions;
			sourceTree = "<group>";
		};
		3D03629B26CD0DFA00791593 /* Controllers */ = {
			isa = PBXGroup;
			children = (
				3D03626226C9224B00791593 /* SignInViewController.swift */,
				3D03629026C92A1000791593 /* RegisterViewController.swift */,
				3D0362A326CFB95B00791593 /* AddChannelsViewController.swift */,
				3D30761E26D37D4B00303B8A /* UsersCell */,
				3D03629226C92C4800791593 /* ChannelViewController.swift */,
				3D03629C26CD0E1B00791593 /* ChatVC */,
				3D03629D26CD0E3200791593 /* SpinnerVC */,
			);
			path = Controllers;
			sourceTree = "<group>";
		};
		3D03629C26CD0E1B00791593 /* ChatVC */ = {
			isa = PBXGroup;
			children = (
				3D03629426C934D700791593 /* ChatViewController.swift */,
			);
			path = ChatVC;
			sourceTree = "<group>";
		};
		3D03629D26CD0E3200791593 /* SpinnerVC */ = {
			isa = PBXGroup;
			children = (
				3D03629926CD036500791593 /* SpinnerViewController.swift */,
			);
			path = SpinnerVC;
			sourceTree = "<group>";
		};
		3D03629E26CD0EC200791593 /* Storyboard */ = {
			isa = PBXGroup;
			children = (
				3D03626426C9224B00791593 /* Main.storyboard */,
				3D03626726C9224D00791593 /* Assets.xcassets */,
				3D03626926C9224D00791593 /* LaunchScreen.storyboard */,
			);
			path = Storyboard;
			sourceTree = "<group>";
		};
		3D03629F26CD0EE200791593 /* Common */ = {
			isa = PBXGroup;
			children = (
				3D03625E26C9224B00791593 /* AppDelegate.swift */,
				3D03626026C9224B00791593 /* SceneDelegate.swift */,
				3D03626C26C9224D00791593 /* Info.plist */,
				3D03628E26C9294100791593 /* GoogleService-Info.plist */,
			);
			path = Common;
			sourceTree = "<group>";
		};
		3D0362A226CF883D00791593 /* Models */ = {
			isa = PBXGroup;
			children = (
				3D0362A026CF883300791593 /* MessageSender.swift */,
			);
			path = Models;
			sourceTree = "<group>";
		};
		3D30761E26D37D4B00303B8A /* UsersCell */ = {
			isa = PBXGroup;
			children = (
				3D0362A526CFB9A300791593 /* AllUsersTableViewCell.swift */,
				3D0362A626CFB9A300791593 /* AllUsersTableViewCell.xib */,
			);
			path = UsersCell;
			sourceTree = "<group>";
		};
		92BD48AC802233DEC88724D3 /* Frameworks */ = {
			isa = PBXGroup;
			children = (
				F0B9214D004DCAEC9CEDD456 /* Pods_FirebaseChattingApp.framework */,
				17B4D652A0806523C4026774 /* Pods_FirebaseChattingApp_FirebaseChattingAppUITests.framework */,
				EC6CC227AF9B74BCC3BCA365 /* Pods_FirebaseChattingAppTests.framework */,
			);
			name = Frameworks;
			sourceTree = "<group>";
		};
		EA535100EF1A67F45F49B66D /* Pods */ = {
			isa = PBXGroup;
			children = (
				C2C59B4F4102B556B04675B8 /* Pods-FirebaseChattingApp.debug.xcconfig */,
				356A18F86E3CF1D330E8AAC3 /* Pods-FirebaseChattingApp.release.xcconfig */,
				609385718B4B41F5B74CA9E2 /* Pods-FirebaseChattingApp-FirebaseChattingAppUITests.debug.xcconfig */,
				82418DE2D19AA4A78E109324 /* Pods-FirebaseChattingApp-FirebaseChattingAppUITests.release.xcconfig */,
				4FAC78E60979F12BD7B710E4 /* Pods-FirebaseChattingAppTests.debug.xcconfig */,
				032F9522F6BB4CA4EDBA6915 /* Pods-FirebaseChattingAppTests.release.xcconfig */,
			);
			path = Pods;
			sourceTree = "<group>";
		};
/* End PBXGroup section */

/* Begin PBXNativeTarget section */
		3D03625A26C9224B00791593 /* FirebaseChattingApp */ = {
			isa = PBXNativeTarget;
			buildConfigurationList = 3D03628526C9224D00791593 /* Build configuration list for PBXNativeTarget "FirebaseChattingApp" */;
			buildPhases = (
				DAEE9A3C60A3EE59ACE6035F /* [CP] Check Pods Manifest.lock */,
				3D03625726C9224B00791593 /* Sources */,
				3D03625826C9224B00791593 /* Frameworks */,
				3D03625926C9224B00791593 /* Resources */,
				126B66B701331FB23459DE98 /* [CP] Embed Pods Frameworks */,
			);
			buildRules = (
			);
			dependencies = (
			);
			name = FirebaseChattingApp;
			productName = FirebaseChattingApp;
			productReference = 3D03625B26C9224B00791593 /* FirebaseChattingApp.app */;
			productType = "com.apple.product-type.application";
		};
		3D03627026C9224D00791593 /* FirebaseChattingAppTests */ = {
			isa = PBXNativeTarget;
			buildConfigurationList = 3D03628826C9224D00791593 /* Build configuration list for PBXNativeTarget "FirebaseChattingAppTests" */;
			buildPhases = (
				F0F00B6A4BA9D74B722E1EB6 /* [CP] Check Pods Manifest.lock */,
				3D03626D26C9224D00791593 /* Sources */,
				3D03626E26C9224D00791593 /* Frameworks */,
				3D03626F26C9224D00791593 /* Resources */,
			);
			buildRules = (
			);
			dependencies = (
				3D03627326C9224D00791593 /* PBXTargetDependency */,
			);
			name = FirebaseChattingAppTests;
			productName = FirebaseChattingAppTests;
			productReference = 3D03627126C9224D00791593 /* FirebaseChattingAppTests.xctest */;
			productType = "com.apple.product-type.bundle.unit-test";
		};
		3D03627B26C9224D00791593 /* FirebaseChattingAppUITests */ = {
			isa = PBXNativeTarget;
			buildConfigurationList = 3D03628B26C9224D00791593 /* Build configuration list for PBXNativeTarget "FirebaseChattingAppUITests" */;
			buildPhases = (
				50D725D31D1B7304E3387FE8 /* [CP] Check Pods Manifest.lock */,
				3D03627826C9224D00791593 /* Sources */,
				3D03627926C9224D00791593 /* Frameworks */,
				3D03627A26C9224D00791593 /* Resources */,
				C005143B42C973962BD95F14 /* [CP] Embed Pods Frameworks */,
			);
			buildRules = (
			);
			dependencies = (
				3D03627E26C9224D00791593 /* PBXTargetDependency */,
			);
			name = FirebaseChattingAppUITests;
			productName = FirebaseChattingAppUITests;
			productReference = 3D03627C26C9224D00791593 /* FirebaseChattingAppUITests.xctest */;
			productType = "com.apple.product-type.bundle.ui-testing";
		};
/* End PBXNativeTarget section */

/* Begin PBXProject section */
		3D03625326C9224B00791593 /* Project object */ = {
			isa = PBXProject;
			attributes = {
				LastSwiftUpdateCheck = 1250;
				LastUpgradeCheck = 1250;
				TargetAttributes = {
					3D03625A26C9224B00791593 = {
						CreatedOnToolsVersion = 12.5.1;
					};
					3D03627026C9224D00791593 = {
						CreatedOnToolsVersion = 12.5.1;
						TestTargetID = 3D03625A26C9224B00791593;
					};
					3D03627B26C9224D00791593 = {
						CreatedOnToolsVersion = 12.5.1;
						TestTargetID = 3D03625A26C9224B00791593;
					};
				};
			};
			buildConfigurationList = 3D03625626C9224B00791593 /* Build configuration list for PBXProject "FirebaseChattingApp" */;
			compatibilityVersion = "Xcode 9.3";
			developmentRegion = en;
			hasScannedForEncodings = 0;
			knownRegions = (
				en,
				Base,
			);
			mainGroup = 3D03625226C9224B00791593;
			productRefGroup = 3D03625C26C9224B00791593 /* Products */;
			projectDirPath = "";
			projectRoot = "";
			targets = (
				3D03625A26C9224B00791593 /* FirebaseChattingApp */,
				3D03627026C9224D00791593 /* FirebaseChattingAppTests */,
				3D03627B26C9224D00791593 /* FirebaseChattingAppUITests */,
			);
		};
/* End PBXProject section */

/* Begin PBXResourcesBuildPhase section */
		3D03625926C9224B00791593 /* Resources */ = {
			isa = PBXResourcesBuildPhase;
			buildActionMask = 2147483647;
			files = (
				3D03628F26C9294100791593 /* GoogleService-Info.plist in Resources */,
				3D03626B26C9224D00791593 /* LaunchScreen.storyboard in Resources */,
				3D03626826C9224D00791593 /* Assets.xcassets in Resources */,
				3D03626626C9224B00791593 /* Main.storyboard in Resources */,
				3D0362A826CFB9A300791593 /* AllUsersTableViewCell.xib in Resources */,
			);
			runOnlyForDeploymentPostprocessing = 0;
		};
		3D03626F26C9224D00791593 /* Resources */ = {
			isa = PBXResourcesBuildPhase;
			buildActionMask = 2147483647;
			files = (
			);
			runOnlyForDeploymentPostprocessing = 0;
		};
		3D03627A26C9224D00791593 /* Resources */ = {
			isa = PBXResourcesBuildPhase;
			buildActionMask = 2147483647;
			files = (
			);
			runOnlyForDeploymentPostprocessing = 0;
		};
/* End PBXResourcesBuildPhase section */

/* Begin PBXShellScriptBuildPhase section */
		126B66B701331FB23459DE98 /* [CP] Embed Pods Frameworks */ = {
			isa = PBXShellScriptBuildPhase;
			buildActionMask = 2147483647;
			files = (
			);
			inputFileListPaths = (
				"${PODS_ROOT}/Target Support Files/Pods-FirebaseChattingApp/Pods-FirebaseChattingApp-frameworks-${CONFIGURATION}-input-files.xcfilelist",
			);
			name = "[CP] Embed Pods Frameworks";
			outputFileListPaths = (
				"${PODS_ROOT}/Target Support Files/Pods-FirebaseChattingApp/Pods-FirebaseChattingApp-frameworks-${CONFIGURATION}-output-files.xcfilelist",
			);
			runOnlyForDeploymentPostprocessing = 0;
			shellPath = /bin/sh;
			shellScript = "\"${PODS_ROOT}/Target Support Files/Pods-FirebaseChattingApp/Pods-FirebaseChattingApp-frameworks.sh\"\n";
			showEnvVarsInLog = 0;
		};
		50D725D31D1B7304E3387FE8 /* [CP] Check Pods Manifest.lock */ = {
			isa = PBXShellScriptBuildPhase;
			buildActionMask = 2147483647;
			files = (
			);
			inputFileListPaths = (
			);
			inputPaths = (
				"${PODS_PODFILE_DIR_PATH}/Podfile.lock",
				"${PODS_ROOT}/Manifest.lock",
			);
			name = "[CP] Check Pods Manifest.lock";
			outputFileListPaths = (
			);
			outputPaths = (
				"$(DERIVED_FILE_DIR)/Pods-FirebaseChattingApp-FirebaseChattingAppUITests-checkManifestLockResult.txt",
			);
			runOnlyForDeploymentPostprocessing = 0;
			shellPath = /bin/sh;
			shellScript = "diff \"${PODS_PODFILE_DIR_PATH}/Podfile.lock\" \"${PODS_ROOT}/Manifest.lock\" > /dev/null\nif [ $? != 0 ] ; then\n    # print error to STDERR\n    echo \"error: The sandbox is not in sync with the Podfile.lock. Run 'pod install' or update your CocoaPods installation.\" >&2\n    exit 1\nfi\n# This output is used by Xcode 'outputs' to avoid re-running this script phase.\necho \"SUCCESS\" > \"${SCRIPT_OUTPUT_FILE_0}\"\n";
			showEnvVarsInLog = 0;
		};
		C005143B42C973962BD95F14 /* [CP] Embed Pods Frameworks */ = {
			isa = PBXShellScriptBuildPhase;
			buildActionMask = 2147483647;
			files = (
			);
			inputFileListPaths = (
				"${PODS_ROOT}/Target Support Files/Pods-FirebaseChattingApp-FirebaseChattingAppUITests/Pods-FirebaseChattingApp-FirebaseChattingAppUITests-frameworks-${CONFIGURATION}-input-files.xcfilelist",
			);
			name = "[CP] Embed Pods Frameworks";
			outputFileListPaths = (
				"${PODS_ROOT}/Target Support Files/Pods-FirebaseChattingApp-FirebaseChattingAppUITests/Pods-FirebaseChattingApp-FirebaseChattingAppUITests-frameworks-${CONFIGURATION}-output-files.xcfilelist",
			);
			runOnlyForDeploymentPostprocessing = 0;
			shellPath = /bin/sh;
			shellScript = "\"${PODS_ROOT}/Target Support Files/Pods-FirebaseChattingApp-FirebaseChattingAppUITests/Pods-FirebaseChattingApp-FirebaseChattingAppUITests-frameworks.sh\"\n";
			showEnvVarsInLog = 0;
		};
		DAEE9A3C60A3EE59ACE6035F /* [CP] Check Pods Manifest.lock */ = {
			isa = PBXShellScriptBuildPhase;
			buildActionMask = 2147483647;
			files = (
			);
			inputFileListPaths = (
			);
			inputPaths = (
				"${PODS_PODFILE_DIR_PATH}/Podfile.lock",
				"${PODS_ROOT}/Manifest.lock",
			);
			name = "[CP] Check Pods Manifest.lock";
			outputFileListPaths = (
			);
			outputPaths = (
				"$(DERIVED_FILE_DIR)/Pods-FirebaseChattingApp-checkManifestLockResult.txt",
			);
			runOnlyForDeploymentPostprocessing = 0;
			shellPath = /bin/sh;
			shellScript = "diff \"${PODS_PODFILE_DIR_PATH}/Podfile.lock\" \"${PODS_ROOT}/Manifest.lock\" > /dev/null\nif [ $? != 0 ] ; then\n    # print error to STDERR\n    echo \"error: The sandbox is not in sync with the Podfile.lock. Run 'pod install' or update your CocoaPods installation.\" >&2\n    exit 1\nfi\n# This output is used by Xcode 'outputs' to avoid re-running this script phase.\necho \"SUCCESS\" > \"${SCRIPT_OUTPUT_FILE_0}\"\n";
			showEnvVarsInLog = 0;
		};
		F0F00B6A4BA9D74B722E1EB6 /* [CP] Check Pods Manifest.lock */ = {
			isa = PBXShellScriptBuildPhase;
			buildActionMask = 2147483647;
			files = (
			);
			inputFileListPaths = (
			);
			inputPaths = (
				"${PODS_PODFILE_DIR_PATH}/Podfile.lock",
				"${PODS_ROOT}/Manifest.lock",
			);
			name = "[CP] Check Pods Manifest.lock";
			outputFileListPaths = (
			);
			outputPaths = (
				"$(DERIVED_FILE_DIR)/Pods-FirebaseChattingAppTests-checkManifestLockResult.txt",
			);
			runOnlyForDeploymentPostprocessing = 0;
			shellPath = /bin/sh;
			shellScript = "diff \"${PODS_PODFILE_DIR_PATH}/Podfile.lock\" \"${PODS_ROOT}/Manifest.lock\" > /dev/null\nif [ $? != 0 ] ; then\n    # print error to STDERR\n    echo \"error: The sandbox is not in sync with the Podfile.lock. Run 'pod install' or update your CocoaPods installation.\" >&2\n    exit 1\nfi\n# This output is used by Xcode 'outputs' to avoid re-running this script phase.\necho \"SUCCESS\" > \"${SCRIPT_OUTPUT_FILE_0}\"\n";
			showEnvVarsInLog = 0;
		};
/* End PBXShellScriptBuildPhase section */

/* Begin PBXSourcesBuildPhase section */
		3D03625726C9224B00791593 /* Sources */ = {
			isa = PBXSourcesBuildPhase;
			buildActionMask = 2147483647;
			files = (
				3D03629726CD02BF00791593 /* UIViewController.swift in Sources */,
				3D0362A126CF883300791593 /* MessageSender.swift in Sources */,
				3D03626326C9224B00791593 /* SignInViewController.swift in Sources */,
				3D0362A726CFB9A300791593 /* AllUsersTableViewCell.swift in Sources */,
				3D03625F26C9224B00791593 /* AppDelegate.swift in Sources */,
				3D0362A426CFB95B00791593 /* AddChannelsViewController.swift in Sources */,
				3D03626126C9224B00791593 /* SceneDelegate.swift in Sources */,
				3D03629A26CD036500791593 /* SpinnerViewController.swift in Sources */,
				3D03629126C92A1000791593 /* RegisterViewController.swift in Sources */,
				3D30761D26D373B800303B8A /* UIImage.swift in Sources */,
				3D03629526C934D700791593 /* ChatViewController.swift in Sources */,
				3D03629326C92C4800791593 /* ChannelViewController.swift in Sources */,
			);
			runOnlyForDeploymentPostprocessing = 0;
		};
		3D03626D26C9224D00791593 /* Sources */ = {
			isa = PBXSourcesBuildPhase;
			buildActionMask = 2147483647;
			files = (
				3D03627626C9224D00791593 /* FirebaseChattingAppTests.swift in Sources */,
			);
			runOnlyForDeploymentPostprocessing = 0;
		};
		3D03627826C9224D00791593 /* Sources */ = {
			isa = PBXSourcesBuildPhase;
			buildActionMask = 2147483647;
			files = (
				3D03628126C9224D00791593 /* FirebaseChattingAppUITests.swift in Sources */,
			);
			runOnlyForDeploymentPostprocessing = 0;
		};
/* End PBXSourcesBuildPhase section */

/* Begin PBXTargetDependency section */
		3D03627326C9224D00791593 /* PBXTargetDependency */ = {
			isa = PBXTargetDependency;
			target = 3D03625A26C9224B00791593 /* FirebaseChattingApp */;
			targetProxy = 3D03627226C9224D00791593 /* PBXContainerItemProxy */;
		};
		3D03627E26C9224D00791593 /* PBXTargetDependency */ = {
			isa = PBXTargetDependency;
			target = 3D03625A26C9224B00791593 /* FirebaseChattingApp */;
			targetProxy = 3D03627D26C9224D00791593 /* PBXContainerItemProxy */;
		};
/* End PBXTargetDependency section */

/* Begin PBXVariantGroup section */
		3D03626426C9224B00791593 /* Main.storyboard */ = {
			isa = PBXVariantGroup;
			children = (
				3D03626526C9224B00791593 /* Base */,
			);
			name = Main.storyboard;
			sourceTree = "<group>";
		};
		3D03626926C9224D00791593 /* LaunchScreen.storyboard */ = {
			isa = PBXVariantGroup;
			children = (
				3D03626A26C9224D00791593 /* Base */,
			);
			name = LaunchScreen.storyboard;
			sourceTree = "<group>";
		};
/* End PBXVariantGroup section */

/* Begin XCBuildConfiguration section */
		3D03628326C9224D00791593 /* Debug */ = {
			isa = XCBuildConfiguration;
			buildSettings = {
				ALWAYS_SEARCH_USER_PATHS = NO;
				CLANG_ANALYZER_NONNULL = YES;
				CLANG_ANALYZER_NUMBER_OBJECT_CONVERSION = YES_AGGRESSIVE;
				CLANG_CXX_LANGUAGE_STANDARD = "gnu++14";
				CLANG_CXX_LIBRARY = "libc++";
				CLANG_ENABLE_MODULES = YES;
				CLANG_ENABLE_OBJC_ARC = YES;
				CLANG_ENABLE_OBJC_WEAK = YES;
				CLANG_WARN_BLOCK_CAPTURE_AUTORELEASING = YES;
				CLANG_WARN_BOOL_CONVERSION = YES;
				CLANG_WARN_COMMA = YES;
				CLANG_WARN_CONSTANT_CONVERSION = YES;
				CLANG_WARN_DEPRECATED_OBJC_IMPLEMENTATIONS = YES;
				CLANG_WARN_DIRECT_OBJC_ISA_USAGE = YES_ERROR;
				CLANG_WARN_DOCUMENTATION_COMMENTS = YES;
				CLANG_WARN_EMPTY_BODY = YES;
				CLANG_WARN_ENUM_CONVERSION = YES;
				CLANG_WARN_INFINITE_RECURSION = YES;
				CLANG_WARN_INT_CONVERSION = YES;
				CLANG_WARN_NON_LITERAL_NULL_CONVERSION = YES;
				CLANG_WARN_OBJC_IMPLICIT_RETAIN_SELF = YES;
				CLANG_WARN_OBJC_LITERAL_CONVERSION = YES;
				CLANG_WARN_OBJC_ROOT_CLASS = YES_ERROR;
				CLANG_WARN_QUOTED_INCLUDE_IN_FRAMEWORK_HEADER = YES;
				CLANG_WARN_RANGE_LOOP_ANALYSIS = YES;
				CLANG_WARN_STRICT_PROTOTYPES = YES;
				CLANG_WARN_SUSPICIOUS_MOVE = YES;
				CLANG_WARN_UNGUARDED_AVAILABILITY = YES_AGGRESSIVE;
				CLANG_WARN_UNREACHABLE_CODE = YES;
				CLANG_WARN__DUPLICATE_METHOD_MATCH = YES;
				COPY_PHASE_STRIP = NO;
				DEBUG_INFORMATION_FORMAT = dwarf;
				ENABLE_STRICT_OBJC_MSGSEND = YES;
				ENABLE_TESTABILITY = YES;
				GCC_C_LANGUAGE_STANDARD = gnu11;
				GCC_DYNAMIC_NO_PIC = NO;
				GCC_NO_COMMON_BLOCKS = YES;
				GCC_OPTIMIZATION_LEVEL = 0;
				GCC_PREPROCESSOR_DEFINITIONS = (
					"DEBUG=1",
					"$(inherited)",
				);
				GCC_WARN_64_TO_32_BIT_CONVERSION = YES;
				GCC_WARN_ABOUT_RETURN_TYPE = YES_ERROR;
				GCC_WARN_UNDECLARED_SELECTOR = YES;
				GCC_WARN_UNINITIALIZED_AUTOS = YES_AGGRESSIVE;
				GCC_WARN_UNUSED_FUNCTION = YES;
				GCC_WARN_UNUSED_VARIABLE = YES;
				IPHONEOS_DEPLOYMENT_TARGET = 14.5;
				MTL_ENABLE_DEBUG_INFO = INCLUDE_SOURCE;
				MTL_FAST_MATH = YES;
				ONLY_ACTIVE_ARCH = YES;
				SDKROOT = iphoneos;
				SWIFT_ACTIVE_COMPILATION_CONDITIONS = DEBUG;
				SWIFT_OPTIMIZATION_LEVEL = "-Onone";
			};
			name = Debug;
		};
		3D03628426C9224D00791593 /* Release */ = {
			isa = XCBuildConfiguration;
			buildSettings = {
				ALWAYS_SEARCH_USER_PATHS = NO;
				CLANG_ANALYZER_NONNULL = YES;
				CLANG_ANALYZER_NUMBER_OBJECT_CONVERSION = YES_AGGRESSIVE;
				CLANG_CXX_LANGUAGE_STANDARD = "gnu++14";
				CLANG_CXX_LIBRARY = "libc++";
				CLANG_ENABLE_MODULES = YES;
				CLANG_ENABLE_OBJC_ARC = YES;
				CLANG_ENABLE_OBJC_WEAK = YES;
				CLANG_WARN_BLOCK_CAPTURE_AUTORELEASING = YES;
				CLANG_WARN_BOOL_CONVERSION = YES;
				CLANG_WARN_COMMA = YES;
				CLANG_WARN_CONSTANT_CONVERSION = YES;
				CLANG_WARN_DEPRECATED_OBJC_IMPLEMENTATIONS = YES;
				CLANG_WARN_DIRECT_OBJC_ISA_USAGE = YES_ERROR;
				CLANG_WARN_DOCUMENTATION_COMMENTS = YES;
				CLANG_WARN_EMPTY_BODY = YES;
				CLANG_WARN_ENUM_CONVERSION = YES;
				CLANG_WARN_INFINITE_RECURSION = YES;
				CLANG_WARN_INT_CONVERSION = YES;
				CLANG_WARN_NON_LITERAL_NULL_CONVERSION = YES;
				CLANG_WARN_OBJC_IMPLICIT_RETAIN_SELF = YES;
				CLANG_WARN_OBJC_LITERAL_CONVERSION = YES;
				CLANG_WARN_OBJC_ROOT_CLASS = YES_ERROR;
				CLANG_WARN_QUOTED_INCLUDE_IN_FRAMEWORK_HEADER = YES;
				CLANG_WARN_RANGE_LOOP_ANALYSIS = YES;
				CLANG_WARN_STRICT_PROTOTYPES = YES;
				CLANG_WARN_SUSPICIOUS_MOVE = YES;
				CLANG_WARN_UNGUARDED_AVAILABILITY = YES_AGGRESSIVE;
				CLANG_WARN_UNREACHABLE_CODE = YES;
				CLANG_WARN__DUPLICATE_METHOD_MATCH = YES;
				COPY_PHASE_STRIP = NO;
				DEBUG_INFORMATION_FORMAT = "dwarf-with-dsym";
				ENABLE_NS_ASSERTIONS = NO;
				ENABLE_STRICT_OBJC_MSGSEND = YES;
				GCC_C_LANGUAGE_STANDARD = gnu11;
				GCC_NO_COMMON_BLOCKS = YES;
				GCC_WARN_64_TO_32_BIT_CONVERSION = YES;
				GCC_WARN_ABOUT_RETURN_TYPE = YES_ERROR;
				GCC_WARN_UNDECLARED_SELECTOR = YES;
				GCC_WARN_UNINITIALIZED_AUTOS = YES_AGGRESSIVE;
				GCC_WARN_UNUSED_FUNCTION = YES;
				GCC_WARN_UNUSED_VARIABLE = YES;
				IPHONEOS_DEPLOYMENT_TARGET = 14.5;
				MTL_ENABLE_DEBUG_INFO = NO;
				MTL_FAST_MATH = YES;
				SDKROOT = iphoneos;
				SWIFT_COMPILATION_MODE = wholemodule;
				SWIFT_OPTIMIZATION_LEVEL = "-O";
				VALIDATE_PRODUCT = YES;
			};
			name = Release;
		};
		3D03628626C9224D00791593 /* Debug */ = {
			isa = XCBuildConfiguration;
			baseConfigurationReference = C2C59B4F4102B556B04675B8 /* Pods-FirebaseChattingApp.debug.xcconfig */;
			buildSettings = {
				ASSETCATALOG_COMPILER_APPICON_NAME = AppIcon;
				ASSETCATALOG_COMPILER_GLOBAL_ACCENT_COLOR_NAME = AccentColor;
				CODE_SIGN_STYLE = Automatic;
				DEVELOPMENT_TEAM = 3RX4E9DU8W;
				INFOPLIST_FILE = FirebaseChattingApp/Common/Info.plist;
				IPHONEOS_DEPLOYMENT_TARGET = 13.0;
				LD_RUNPATH_SEARCH_PATHS = (
					"$(inherited)",
					"@executable_path/Frameworks",
				);
				PRODUCT_BUNDLE_IDENTIFIER = "Aksa-SDS.FirebaseChattingApp";
				PRODUCT_NAME = "$(TARGET_NAME)";
				SWIFT_VERSION = 5.0;
				TARGETED_DEVICE_FAMILY = 1;
			};
			name = Debug;
		};
		3D03628726C9224D00791593 /* Release */ = {
			isa = XCBuildConfiguration;
			baseConfigurationReference = 356A18F86E3CF1D330E8AAC3 /* Pods-FirebaseChattingApp.release.xcconfig */;
			buildSettings = {
				ASSETCATALOG_COMPILER_APPICON_NAME = AppIcon;
				ASSETCATALOG_COMPILER_GLOBAL_ACCENT_COLOR_NAME = AccentColor;
				CODE_SIGN_STYLE = Automatic;
				DEVELOPMENT_TEAM = 3RX4E9DU8W;
				INFOPLIST_FILE = FirebaseChattingApp/Common/Info.plist;
				IPHONEOS_DEPLOYMENT_TARGET = 13.0;
				LD_RUNPATH_SEARCH_PATHS = (
					"$(inherited)",
					"@executable_path/Frameworks",
				);
				PRODUCT_BUNDLE_IDENTIFIER = "Aksa-SDS.FirebaseChattingApp";
				PRODUCT_NAME = "$(TARGET_NAME)";
				SWIFT_VERSION = 5.0;
				TARGETED_DEVICE_FAMILY = 1;
			};
			name = Release;
		};
		3D03628926C9224D00791593 /* Debug */ = {
			isa = XCBuildConfiguration;
			baseConfigurationReference = 4FAC78E60979F12BD7B710E4 /* Pods-FirebaseChattingAppTests.debug.xcconfig */;
			buildSettings = {
				ALWAYS_EMBED_SWIFT_STANDARD_LIBRARIES = YES;
				BUNDLE_LOADER = "$(TEST_HOST)";
				CODE_SIGN_STYLE = Automatic;
				INFOPLIST_FILE = FirebaseChattingAppTests/Info.plist;
				IPHONEOS_DEPLOYMENT_TARGET = 14.5;
				LD_RUNPATH_SEARCH_PATHS = (
					"$(inherited)",
					"@executable_path/Frameworks",
					"@loader_path/Frameworks",
				);
				PRODUCT_BUNDLE_IDENTIFIER = "Aksa-SDS.FirebaseChattingAppTests";
				PRODUCT_NAME = "$(TARGET_NAME)";
				SWIFT_VERSION = 5.0;
				TARGETED_DEVICE_FAMILY = "1,2";
				TEST_HOST = "$(BUILT_PRODUCTS_DIR)/FirebaseChattingApp.app/FirebaseChattingApp";
			};
			name = Debug;
		};
		3D03628A26C9224D00791593 /* Release */ = {
			isa = XCBuildConfiguration;
			baseConfigurationReference = 032F9522F6BB4CA4EDBA6915 /* Pods-FirebaseChattingAppTests.release.xcconfig */;
			buildSettings = {
				ALWAYS_EMBED_SWIFT_STANDARD_LIBRARIES = YES;
				BUNDLE_LOADER = "$(TEST_HOST)";
				CODE_SIGN_STYLE = Automatic;
				INFOPLIST_FILE = FirebaseChattingAppTests/Info.plist;
				IPHONEOS_DEPLOYMENT_TARGET = 14.5;
				LD_RUNPATH_SEARCH_PATHS = (
					"$(inherited)",
					"@executable_path/Frameworks",
					"@loader_path/Frameworks",
				);
				PRODUCT_BUNDLE_IDENTIFIER = "Aksa-SDS.FirebaseChattingAppTests";
				PRODUCT_NAME = "$(TARGET_NAME)";
				SWIFT_VERSION = 5.0;
				TARGETED_DEVICE_FAMILY = "1,2";
				TEST_HOST = "$(BUILT_PRODUCTS_DIR)/FirebaseChattingApp.app/FirebaseChattingApp";
			};
			name = Release;
		};
		3D03628C26C9224D00791593 /* Debug */ = {
			isa = XCBuildConfiguration;
			baseConfigurationReference = 609385718B4B41F5B74CA9E2 /* Pods-FirebaseChattingApp-FirebaseChattingAppUITests.debug.xcconfig */;
			buildSettings = {
				ALWAYS_EMBED_SWIFT_STANDARD_LIBRARIES = YES;
				CODE_SIGN_STYLE = Automatic;
				INFOPLIST_FILE = FirebaseChattingAppUITests/Info.plist;
				LD_RUNPATH_SEARCH_PATHS = (
					"$(inherited)",
					"@executable_path/Frameworks",
					"@loader_path/Frameworks",
				);
				PRODUCT_BUNDLE_IDENTIFIER = "Aksa-SDS.FirebaseChattingAppUITests";
				PRODUCT_NAME = "$(TARGET_NAME)";
				SWIFT_VERSION = 5.0;
				TARGETED_DEVICE_FAMILY = "1,2";
				TEST_TARGET_NAME = FirebaseChattingApp;
			};
			name = Debug;
		};
		3D03628D26C9224D00791593 /* Release */ = {
			isa = XCBuildConfiguration;
			baseConfigurationReference = 82418DE2D19AA4A78E109324 /* Pods-FirebaseChattingApp-FirebaseChattingAppUITests.release.xcconfig */;
			buildSettings = {
				ALWAYS_EMBED_SWIFT_STANDARD_LIBRARIES = YES;
				CODE_SIGN_STYLE = Automatic;
				INFOPLIST_FILE = FirebaseChattingAppUITests/Info.plist;
				LD_RUNPATH_SEARCH_PATHS = (
					"$(inherited)",
					"@executable_path/Frameworks",
					"@loader_path/Frameworks",
				);
				PRODUCT_BUNDLE_IDENTIFIER = "Aksa-SDS.FirebaseChattingAppUITests";
				PRODUCT_NAME = "$(TARGET_NAME)";
				SWIFT_VERSION = 5.0;
				TARGETED_DEVICE_FAMILY = "1,2";
				TEST_TARGET_NAME = FirebaseChattingApp;
			};
			name = Release;
		};
/* End XCBuildConfiguration section */

/* Begin XCConfigurationList section */
		3D03625626C9224B00791593 /* Build configuration list for PBXProject "FirebaseChattingApp" */ = {
			isa = XCConfigurationList;
			buildConfigurations = (
				3D03628326C9224D00791593 /* Debug */,
				3D03628426C9224D00791593 /* Release */,
			);
			defaultConfigurationIsVisible = 0;
			defaultConfigurationName = Release;
		};
		3D03628526C9224D00791593 /* Build configuration list for PBXNativeTarget "FirebaseChattingApp" */ = {
			isa = XCConfigurationList;
			buildConfigurations = (
				3D03628626C9224D00791593 /* Debug */,
				3D03628726C9224D00791593 /* Release */,
			);
			defaultConfigurationIsVisible = 0;
			defaultConfigurationName = Release;
		};
		3D03628826C9224D00791593 /* Build configuration list for PBXNativeTarget "FirebaseChattingAppTests" */ = {
			isa = XCConfigurationList;
			buildConfigurations = (
				3D03628926C9224D00791593 /* Debug */,
				3D03628A26C9224D00791593 /* Release */,
			);
			defaultConfigurationIsVisible = 0;
			defaultConfigurationName = Release;
		};
		3D03628B26C9224D00791593 /* Build configuration list for PBXNativeTarget "FirebaseChattingAppUITests" */ = {
			isa = XCConfigurationList;
			buildConfigurations = (
				3D03628C26C9224D00791593 /* Debug */,
				3D03628D26C9224D00791593 /* Release */,
			);
			defaultConfigurationIsVisible = 0;
			defaultConfigurationName = Release;
		};
/* End XCConfigurationList section */
	};
	rootObject = 3D03625326C9224B00791593 /* Project object */;
}
